
Microsoft Visual Studio Solution File, Format Version 12.00
# Visual Studio Version 17
VisualStudioVersion = 17.11.35208.52
MinimumVisualStudioVersion = 10.0.40219.1
Project("{FAE04EC0-301F-11D3-BF4B-00C04F79EFBC}") = "proyecto-maui", "proyecto-maui\proyecto-maui.csproj", "{DCC119C7-F3EE-4C58-A4D5-DAE5ADB71925}"
EndProject
Global
	GlobalSection(SolutionConfigurationPlatforms) = preSolution
		Debug|Any CPU = Debug|Any CPU
		Release|Any CPU = Release|Any CPU
	EndGlobalSection
	GlobalSection(ProjectConfigurationPlatforms) = postSolution
		{DCC119C7-F3EE-4C58-A4D5-DAE5ADB71925}.Debug|Any CPU.ActiveCfg = Debug|Any CPU
		{DCC119C7-F3EE-4C58-A4D5-DAE5ADB71925}.Debug|Any CPU.Build.0 = Debug|Any CPU
		{DCC119C7-F3EE-4C58-A4D5-DAE5ADB71925}.Debug|Any CPU.Deploy.0 = Debug|Any CPU
		{DCC119C7-F3EE-4C58-A4D5-DAE5ADB71925}.Release|Any CPU.ActiveCfg = Release|Any CPU
		{DCC119C7-F3EE-4C58-A4D5-DAE5ADB71925}.Release|Any CPU.Build.0 = Release|Any CPU
		{DCC119C7-F3EE-4C58-A4D5-DAE5ADB71925}.Release|Any CPU.Deploy.0 = Release|Any CPU
	EndGlobalSection
	GlobalSection(SolutionProperties) = preSolution
		HideSolutionNode = FALSE
	EndGlobalSection
	GlobalSection(ExtensibilityGlobals) = postSolution
		SolutionGuid = {F31B358A-DA09-4394-B1EF-05730F27D6AA}
	EndGlobalSection
EndGlobal
